
Microsoft Visual Studio Solution File, Format Version 12.00
# Visual Studio Version 16
VisualStudioVersion = 16.0.29001.49
MinimumVisualStudioVersion = 15.0.26124.0
Project("{9A19103F-16F7-4668-BE54-9A1E7A4F7556}") = "StringDB", "src\StringDB\StringDB.csproj", "{0D4250DC-5B7F-4DED-9311-C19EC460BD07}"
EndProject
Project("{9A19103F-16F7-4668-BE54-9A1E7A4F7556}") = "StringDB.Tests", "tests\StringDB.Tests\StringDB.Tests.csproj", "{4DC0410C-243F-4586-8286-58C8859FAC67}"
EndProject
Project("{9A19103F-16F7-4668-BE54-9A1E7A4F7556}") = "StringDB.PerformanceNumbers", "src\StringDB.PerformanceNumbers\StringDB.PerformanceNumbers.csproj", "{6EDA5430-F663-487C-9C3C-B9F5D351DD41}"
EndProject
Project("{9A19103F-16F7-4668-BE54-9A1E7A4F7556}") = "StringDB.Ceras", "addons\StringDB.Ceras\StringDB.Ceras.csproj", "{549EAB71-DE37-4E34-898F-A53FA5AAD573}"
EndProject
Project("{2150E333-8FDC-42A3-9474-1A3956D46DE8}") = "addons", "addons", "{C054D45E-5919-486F-A808-AE1835EBCB4A}"
EndProject
Project("{2150E333-8FDC-42A3-9474-1A3956D46DE8}") = "examples", "examples", "{5219A34D-17CE-471B-BFFB-CEDE30FBCCAE}"
EndProject
Project("{9A19103F-16F7-4668-BE54-9A1E7A4F7556}") = "01_GettingStarted", "examples\01_GettingStarted\01_GettingStarted.csproj", "{ECA7066C-C416-4F4D-992D-AE3F73908746}"
EndProject
Global
	GlobalSection(SolutionConfigurationPlatforms) = preSolution
		Debug|Any CPU = Debug|Any CPU
		Debug|x64 = Debug|x64
		Debug|x86 = Debug|x86
		Release|Any CPU = Release|Any CPU
		Release|x64 = Release|x64
		Release|x86 = Release|x86
	EndGlobalSection
	GlobalSection(ProjectConfigurationPlatforms) = postSolution
		{0D4250DC-5B7F-4DED-9311-C19EC460BD07}.Debug|Any CPU.ActiveCfg = Debug|Any CPU
		{0D4250DC-5B7F-4DED-9311-C19EC460BD07}.Debug|Any CPU.Build.0 = Debug|Any CPU
		{0D4250DC-5B7F-4DED-9311-C19EC460BD07}.Debug|x64.ActiveCfg = Debug|Any CPU
		{0D4250DC-5B7F-4DED-9311-C19EC460BD07}.Debug|x64.Build.0 = Debug|Any CPU
		{0D4250DC-5B7F-4DED-9311-C19EC460BD07}.Debug|x86.ActiveCfg = Debug|Any CPU
		{0D4250DC-5B7F-4DED-9311-C19EC460BD07}.Debug|x86.Build.0 = Debug|Any CPU
		{0D4250DC-5B7F-4DED-9311-C19EC460BD07}.Release|Any CPU.ActiveCfg = Release|Any CPU
		{0D4250DC-5B7F-4DED-9311-C19EC460BD07}.Release|Any CPU.Build.0 = Release|Any CPU
		{0D4250DC-5B7F-4DED-9311-C19EC460BD07}.Release|x64.ActiveCfg = Release|Any CPU
		{0D4250DC-5B7F-4DED-9311-C19EC460BD07}.Release|x64.Build.0 = Release|Any CPU
		{0D4250DC-5B7F-4DED-9311-C19EC460BD07}.Release|x86.ActiveCfg = Release|Any CPU
		{0D4250DC-5B7F-4DED-9311-C19EC460BD07}.Release|x86.Build.0 = Release|Any CPU
		{4DC0410C-243F-4586-8286-58C8859FAC67}.Debug|Any CPU.ActiveCfg = Debug|Any CPU
		{4DC0410C-243F-4586-8286-58C8859FAC67}.Debug|Any CPU.Build.0 = Debug|Any CPU
		{4DC0410C-243F-4586-8286-58C8859FAC67}.Debug|x64.ActiveCfg = Debug|Any CPU
		{4DC0410C-243F-4586-8286-58C8859FAC67}.Debug|x64.Build.0 = Debug|Any CPU
		{4DC0410C-243F-4586-8286-58C8859FAC67}.Debug|x86.ActiveCfg = Debug|Any CPU
		{4DC0410C-243F-4586-8286-58C8859FAC67}.Debug|x86.Build.0 = Debug|Any CPU
		{4DC0410C-243F-4586-8286-58C8859FAC67}.Release|Any CPU.ActiveCfg = Release|Any CPU
		{4DC0410C-243F-4586-8286-58C8859FAC67}.Release|Any CPU.Build.0 = Release|Any CPU
		{4DC0410C-243F-4586-8286-58C8859FAC67}.Release|x64.ActiveCfg = Release|Any CPU
		{4DC0410C-243F-4586-8286-58C8859FAC67}.Release|x64.Build.0 = Release|Any CPU
		{4DC0410C-243F-4586-8286-58C8859FAC67}.Release|x86.ActiveCfg = Release|Any CPU
		{4DC0410C-243F-4586-8286-58C8859FAC67}.Release|x86.Build.0 = Release|Any CPU
		{6EDA5430-F663-487C-9C3C-B9F5D351DD41}.Debug|Any CPU.ActiveCfg = Debug|Any CPU
		{6EDA5430-F663-487C-9C3C-B9F5D351DD41}.Debug|Any CPU.Build.0 = Debug|Any CPU
		{6EDA5430-F663-487C-9C3C-B9F5D351DD41}.Debug|x64.ActiveCfg = Debug|Any CPU
		{6EDA5430-F663-487C-9C3C-B9F5D351DD41}.Debug|x64.Build.0 = Debug|Any CPU
		{6EDA5430-F663-487C-9C3C-B9F5D351DD41}.Debug|x86.ActiveCfg = Debug|Any CPU
		{6EDA5430-F663-487C-9C3C-B9F5D351DD41}.Debug|x86.Build.0 = Debug|Any CPU
		{6EDA5430-F663-487C-9C3C-B9F5D351DD41}.Release|Any CPU.ActiveCfg = Release|Any CPU
		{6EDA5430-F663-487C-9C3C-B9F5D351DD41}.Release|Any CPU.Build.0 = Release|Any CPU
		{6EDA5430-F663-487C-9C3C-B9F5D351DD41}.Release|x64.ActiveCfg = Release|Any CPU
		{6EDA5430-F663-487C-9C3C-B9F5D351DD41}.Release|x64.Build.0 = Release|Any CPU
		{6EDA5430-F663-487C-9C3C-B9F5D351DD41}.Release|x86.ActiveCfg = Release|Any CPU
		{6EDA5430-F663-487C-9C3C-B9F5D351DD41}.Release|x86.Build.0 = Release|Any CPU
		{549EAB71-DE37-4E34-898F-A53FA5AAD573}.Debug|Any CPU.ActiveCfg = Debug|Any CPU
		{549EAB71-DE37-4E34-898F-A53FA5AAD573}.Debug|Any CPU.Build.0 = Debug|Any CPU
		{549EAB71-DE37-4E34-898F-A53FA5AAD573}.Debug|x64.ActiveCfg = Debug|Any CPU
		{549EAB71-DE37-4E34-898F-A53FA5AAD573}.Debug|x64.Build.0 = Debug|Any CPU
		{549EAB71-DE37-4E34-898F-A53FA5AAD573}.Debug|x86.ActiveCfg = Debug|Any CPU
		{549EAB71-DE37-4E34-898F-A53FA5AAD573}.Debug|x86.Build.0 = Debug|Any CPU
		{549EAB71-DE37-4E34-898F-A53FA5AAD573}.Release|Any CPU.ActiveCfg = Release|Any CPU
		{549EAB71-DE37-4E34-898F-A53FA5AAD573}.Release|Any CPU.Build.0 = Release|Any CPU
		{549EAB71-DE37-4E34-898F-A53FA5AAD573}.Release|x64.ActiveCfg = Release|Any CPU
		{549EAB71-DE37-4E34-898F-A53FA5AAD573}.Release|x64.Build.0 = Release|Any CPU
		{549EAB71-DE37-4E34-898F-A53FA5AAD573}.Release|x86.ActiveCfg = Release|Any CPU
		{549EAB71-DE37-4E34-898F-A53FA5AAD573}.Release|x86.Build.0 = Release|Any CPU
		{ECA7066C-C416-4F4D-992D-AE3F73908746}.Debug|Any CPU.ActiveCfg = Debug|Any CPU
		{ECA7066C-C416-4F4D-992D-AE3F73908746}.Debug|Any CPU.Build.0 = Debug|Any CPU
		{ECA7066C-C416-4F4D-992D-AE3F73908746}.Debug|x64.ActiveCfg = Debug|Any CPU
		{ECA7066C-C416-4F4D-992D-AE3F73908746}.Debug|x64.Build.0 = Debug|Any CPU
		{ECA7066C-C416-4F4D-992D-AE3F73908746}.Debug|x86.ActiveCfg = Debug|Any CPU
		{ECA7066C-C416-4F4D-992D-AE3F73908746}.Debug|x86.Build.0 = Debug|Any CPU
		{ECA7066C-C416-4F4D-992D-AE3F73908746}.Release|Any CPU.ActiveCfg = Release|Any CPU
		{ECA7066C-C416-4F4D-992D-AE3F73908746}.Release|Any CPU.Build.0 = Release|Any CPU
		{ECA7066C-C416-4F4D-992D-AE3F73908746}.Release|x64.ActiveCfg = Release|Any CPU
		{ECA7066C-C416-4F4D-992D-AE3F73908746}.Release|x64.Build.0 = Release|Any CPU
		{ECA7066C-C416-4F4D-992D-AE3F73908746}.Release|x86.ActiveCfg = Release|Any CPU
		{ECA7066C-C416-4F4D-992D-AE3F73908746}.Release|x86.Build.0 = Release|Any CPU
	EndGlobalSection
	GlobalSection(SolutionProperties) = preSolution
		HideSolutionNode = FALSE
	EndGlobalSection
	GlobalSection(NestedProjects) = preSolution
		{549EAB71-DE37-4E34-898F-A53FA5AAD573} = {C054D45E-5919-486F-A808-AE1835EBCB4A}
		{ECA7066C-C416-4F4D-992D-AE3F73908746} = {5219A34D-17CE-471B-BFFB-CEDE30FBCCAE}
	EndGlobalSection
	GlobalSection(ExtensibilityGlobals) = postSolution
		SolutionGuid = {33F9EBBB-1CB1-4C36-9F2B-D2684AFA8371}
	EndGlobalSection
EndGlobal
